
Microsoft Visual Studio Solution File, Format Version 12.00
# Visual Studio Version 16
VisualStudioVersion = 16.0.29324.140
MinimumVisualStudioVersion = 10.0.40219.1
Project("{9A19103F-16F7-4668-BE54-9A1E7A4F7556}") = "Client", "Client\Client.csproj", "{C0AC4BD3-E0E9-4F2E-96EA-D1BC0EDCFCC7}"
EndProject
Project("{9A19103F-16F7-4668-BE54-9A1E7A4F7556}") = "Client.UnitTests", "Client.UnitTests\Client.UnitTests.csproj", "{1FD8CCE3-CF60-4611-AFB7-E4254ACD8F9F}"
EndProject
Project("{9A19103F-16F7-4668-BE54-9A1E7A4F7556}") = "Client.Examples", "Client.Examples\Client.Examples.csproj", "{06578991-00CD-4EF7-A12B-63E915A0CECC}"
EndProject
Project("{9A19103F-16F7-4668-BE54-9A1E7A4F7556}") = "Client.IntegrationTests", "Client.IntegrationTests\Client.IntegrationTests.csproj", "{07BA7B8D-2E3C-4F54-AA2C-41515D9E968B}"
EndProject
Global
	GlobalSection(SolutionConfigurationPlatforms) = preSolution
		Debug|Any CPU = Debug|Any CPU
		Debug|x64 = Debug|x64
		Debug|x86 = Debug|x86
		Release|Any CPU = Release|Any CPU
		Release|x64 = Release|x64
		Release|x86 = Release|x86
	EndGlobalSection
	GlobalSection(ProjectConfigurationPlatforms) = postSolution
		{C0AC4BD3-E0E9-4F2E-96EA-D1BC0EDCFCC7}.Debug|Any CPU.ActiveCfg = Debug|Any CPU
		{C0AC4BD3-E0E9-4F2E-96EA-D1BC0EDCFCC7}.Debug|Any CPU.Build.0 = Debug|Any CPU
		{C0AC4BD3-E0E9-4F2E-96EA-D1BC0EDCFCC7}.Debug|x64.ActiveCfg = Debug|Any CPU
		{C0AC4BD3-E0E9-4F2E-96EA-D1BC0EDCFCC7}.Debug|x64.Build.0 = Debug|Any CPU
		{C0AC4BD3-E0E9-4F2E-96EA-D1BC0EDCFCC7}.Debug|x86.ActiveCfg = Debug|Any CPU
		{C0AC4BD3-E0E9-4F2E-96EA-D1BC0EDCFCC7}.Debug|x86.Build.0 = Debug|Any CPU
		{C0AC4BD3-E0E9-4F2E-96EA-D1BC0EDCFCC7}.Release|Any CPU.ActiveCfg = Release|Any CPU
		{C0AC4BD3-E0E9-4F2E-96EA-D1BC0EDCFCC7}.Release|Any CPU.Build.0 = Release|Any CPU
		{C0AC4BD3-E0E9-4F2E-96EA-D1BC0EDCFCC7}.Release|x64.ActiveCfg = Release|Any CPU
		{C0AC4BD3-E0E9-4F2E-96EA-D1BC0EDCFCC7}.Release|x64.Build.0 = Release|Any CPU
		{C0AC4BD3-E0E9-4F2E-96EA-D1BC0EDCFCC7}.Release|x86.ActiveCfg = Release|Any CPU
		{C0AC4BD3-E0E9-4F2E-96EA-D1BC0EDCFCC7}.Release|x86.Build.0 = Release|Any CPU
		{1FD8CCE3-CF60-4611-AFB7-E4254ACD8F9F}.Debug|Any CPU.ActiveCfg = Debug|Any CPU
		{1FD8CCE3-CF60-4611-AFB7-E4254ACD8F9F}.Debug|Any CPU.Build.0 = Debug|Any CPU
		{1FD8CCE3-CF60-4611-AFB7-E4254ACD8F9F}.Debug|x64.ActiveCfg = Debug|Any CPU
		{1FD8CCE3-CF60-4611-AFB7-E4254ACD8F9F}.Debug|x64.Build.0 = Debug|Any CPU
		{1FD8CCE3-CF60-4611-AFB7-E4254ACD8F9F}.Debug|x86.ActiveCfg = Debug|Any CPU
		{1FD8CCE3-CF60-4611-AFB7-E4254ACD8F9F}.Debug|x86.Build.0 = Debug|Any CPU
		{1FD8CCE3-CF60-4611-AFB7-E4254ACD8F9F}.Release|Any CPU.ActiveCfg = Release|Any CPU
		{1FD8CCE3-CF60-4611-AFB7-E4254ACD8F9F}.Release|Any CPU.Build.0 = Release|Any CPU
		{1FD8CCE3-CF60-4611-AFB7-E4254ACD8F9F}.Release|x64.ActiveCfg = Release|Any CPU
		{1FD8CCE3-CF60-4611-AFB7-E4254ACD8F9F}.Release|x64.Build.0 = Release|Any CPU
		{1FD8CCE3-CF60-4611-AFB7-E4254ACD8F9F}.Release|x86.ActiveCfg = Release|Any CPU
		{1FD8CCE3-CF60-4611-AFB7-E4254ACD8F9F}.Release|x86.Build.0 = Release|Any CPU
		{06578991-00CD-4EF7-A12B-63E915A0CECC}.Debug|Any CPU.ActiveCfg = Debug|Any CPU
		{06578991-00CD-4EF7-A12B-63E915A0CECC}.Debug|Any CPU.Build.0 = Debug|Any CPU
		{06578991-00CD-4EF7-A12B-63E915A0CECC}.Debug|x64.ActiveCfg = Debug|Any CPU
		{06578991-00CD-4EF7-A12B-63E915A0CECC}.Debug|x64.Build.0 = Debug|Any CPU
		{06578991-00CD-4EF7-A12B-63E915A0CECC}.Debug|x86.ActiveCfg = Debug|Any CPU
		{06578991-00CD-4EF7-A12B-63E915A0CECC}.Debug|x86.Build.0 = Debug|Any CPU
		{06578991-00CD-4EF7-A12B-63E915A0CECC}.Release|Any CPU.ActiveCfg = Release|Any CPU
		{06578991-00CD-4EF7-A12B-63E915A0CECC}.Release|Any CPU.Build.0 = Release|Any CPU
		{06578991-00CD-4EF7-A12B-63E915A0CECC}.Release|x64.ActiveCfg = Release|Any CPU
		{06578991-00CD-4EF7-A12B-63E915A0CECC}.Release|x64.Build.0 = Release|Any CPU
		{06578991-00CD-4EF7-A12B-63E915A0CECC}.Release|x86.ActiveCfg = Release|Any CPU
		{07BA7B8D-2E3C-4F54-AA2C-41515D9E968B}.Debug|Any CPU.ActiveCfg = Debug|Any CPU
		{07BA7B8D-2E3C-4F54-AA2C-41515D9E968B}.Debug|Any CPU.Build.0 = Debug|Any CPU
		{07BA7B8D-2E3C-4F54-AA2C-41515D9E968B}.Debug|x64.ActiveCfg = Debug|Any CPU
		{07BA7B8D-2E3C-4F54-AA2C-41515D9E968B}.Debug|x64.Build.0 = Debug|Any CPU
		{07BA7B8D-2E3C-4F54-AA2C-41515D9E968B}.Debug|x86.ActiveCfg = Debug|Any CPU
		{07BA7B8D-2E3C-4F54-AA2C-41515D9E968B}.Debug|x86.Build.0 = Debug|Any CPU
		{07BA7B8D-2E3C-4F54-AA2C-41515D9E968B}.Release|Any CPU.ActiveCfg = Release|Any CPU
		{07BA7B8D-2E3C-4F54-AA2C-41515D9E968B}.Release|Any CPU.Build.0 = Release|Any CPU
		{07BA7B8D-2E3C-4F54-AA2C-41515D9E968B}.Release|x64.ActiveCfg = Release|Any CPU
		{07BA7B8D-2E3C-4F54-AA2C-41515D9E968B}.Release|x64.Build.0 = Release|Any CPU
		{07BA7B8D-2E3C-4F54-AA2C-41515D9E968B}.Release|x86.ActiveCfg = Release|Any CPU
		{07BA7B8D-2E3C-4F54-AA2C-41515D9E968B}.Release|x86.Build.0 = Release|Any CPU
	EndGlobalSection
	GlobalSection(SolutionProperties) = preSolution
		HideSolutionNode = FALSE
	EndGlobalSection
	GlobalSection(ExtensibilityGlobals) = postSolution
		SolutionGuid = {31AB08BD-022A-472A-B128-4465608975B3}
	EndGlobalSection
	GlobalSection(MonoDevelopProperties) = preSolution
		Policies = $0
		$0.TextStylePolicy = $6
		$1.FileWidth = 80
		$1.TabsToSpaces = True
		$1.scope = text/x-csharp
		$0.CSharpFormattingPolicy = $2
		$2.scope = text/x-csharp
		$3.FileWidth = 80
		$3.TabsToSpaces = True
		$3.scope = text/plain
		$4.inheritsSet = null
		$4.scope = application/config+xml
		$0.XmlFormattingPolicy = $7
		$5.inheritsSet = null
		$5.scope = application/config+xml
		$6.inheritsSet = null
		$6.scope = application/xml
		$7.scope = application/xml
		$0.StandardHeader = $8
		$8.Text = @\n Copyright ${Year}  ${CopyrightHolder}\n\n   Licensed under the Apache License, Version 2.0 (the "License");\n   you may not use this file except in compliance with the License.\n   You may obtain a copy of the License at\n\n       http://www.apache.org/licenses/LICENSE-2.0\n\n   Unless required by applicable law or agreed to in writing, software\n   distributed under the License is distributed on an "AS IS" BASIS,\n   WITHOUT WARRANTIES OR CONDITIONS OF ANY KIND, either express or implied.\n   See the License for the specific language governing permissions and\n   limitations under the License.
	EndGlobalSection
EndGlobal
