
Microsoft Visual Studio Solution File, Format Version 12.00
# Visual Studio 2012
Project("{FAE04EC0-301F-11D3-BF4B-00C04F79EFBC}") = "Client", "Client\Client.csproj", "{86325E12-E104-4360-B4F4-B21B30754EF3}"
EndProject
Project("{FAE04EC0-301F-11D3-BF4B-00C04F79EFBC}") = "Client-test", "Client-test\Client-test.csproj", "{98FB2560-2C8F-4A55-AD83-5D004F6833DC}"
EndProject
Global
	GlobalSection(SolutionConfigurationPlatforms) = preSolution
		Debug|x86 = Debug|x86
		Release|x86 = Release|x86
	EndGlobalSection
	GlobalSection(ProjectConfigurationPlatforms) = postSolution
		{86325E12-E104-4360-B4F4-B21B30754EF3}.Debug|x86.ActiveCfg = Debug|x86
		{86325E12-E104-4360-B4F4-B21B30754EF3}.Debug|x86.Build.0 = Debug|x86
		{86325E12-E104-4360-B4F4-B21B30754EF3}.Release|x86.ActiveCfg = Release|x86
		{86325E12-E104-4360-B4F4-B21B30754EF3}.Release|x86.Build.0 = Release|x86
		{98FB2560-2C8F-4A55-AD83-5D004F6833DC}.Debug|x86.ActiveCfg = Debug|Any CPU
		{98FB2560-2C8F-4A55-AD83-5D004F6833DC}.Debug|x86.Build.0 = Debug|Any CPU
		{98FB2560-2C8F-4A55-AD83-5D004F6833DC}.Release|x86.ActiveCfg = Release|Any CPU
		{98FB2560-2C8F-4A55-AD83-5D004F6833DC}.Release|x86.Build.0 = Release|Any CPU
	EndGlobalSection
EndGlobal
